
Microsoft Visual Studio Solution File, Format Version 12.00
# Visual Studio Version 17
VisualStudioVersion = 17.0.31903.59
MinimumVisualStudioVersion = 10.0.40219.1
Project("{2150E333-8FDC-42A3-9474-1A3956D46DE8}") = "src", "src", "{827E0CD3-B72D-47B6-A68D-7590B98EB39B}"
EndProject
Project("{FAE04EC0-301F-11D3-BF4B-00C04F79EFBC}") = "DataHub.Core", "src\DataHub.Core\DataHub.Core.csproj", "{E96AB390-DF6D-4D1C-9785-899AD3BF01E7}"
EndProject
Project("{FAE04EC0-301F-11D3-BF4B-00C04F79EFBC}") = "DataHub.Platform", "src\DataHub.Platform\DataHub.Platform.csproj", "{CF0F408F-CF24-41AE-A0F2-0FADE75C52C4}"
EndProject
Project("{FAE04EC0-301F-11D3-BF4B-00C04F79EFBC}") = "DataHub.Host", "src\DataHub.Host\DataHub.Host.csproj", "{8AF5ECCB-00B6-4EB9-8F06-FF54CFC3AC26}"
EndProject
Project("{2150E333-8FDC-42A3-9474-1A3956D46DE8}") = "domains", "domains", "{21686E52-9F17-B8E3-4583-1A80C33D8DD6}"
EndProject
Project("{2150E333-8FDC-42A3-9474-1A3956D46DE8}") = "Grinding", "Grinding", "{B0DAD82D-3509-4C5A-5A3D-BE2F7B7372DC}"
EndProject
Project("{FAE04EC0-301F-11D3-BF4B-00C04F79EFBC}") = "Grinding.Shared", "domains\Grinding\Grinding.Shared\Grinding.Shared.csproj", "{405BED65-192D-4A7A-9618-FDC39EAB3E06}"
EndProject
Project("{FAE04EC0-301F-11D3-BF4B-00C04F79EFBC}") = "Grinding.Services", "domains\Grinding\Grinding.Services\Grinding.Services.csproj", "{1B85E0B0-C8E2-428D-AE17-C55A2E388135}"
EndProject
Project("{FAE04EC0-301F-11D3-BF4B-00C04F79EFBC}") = "Grinding.Pages", "domains\Grinding\Grinding.Pages\Grinding.Pages.csproj", "{D4FF988D-7061-4FF5-B2B5-686C05068843}"
EndProject
Project("{FAE04EC0-301F-11D3-BF4B-00C04F79EFBC}") = "Grinding.Client", "domains\Grinding\Grinding.Client\Grinding.Client.csproj", "{3343E56C-EB19-4018-97B9-E1CB3D7319AF}"
EndProject
Project("{2150E333-8FDC-42A3-9474-1A3956D46DE8}") = "Eisod", "Eisod", "{5EB848FD-A5B9-C493-0FF6-0A88CDD1779F}"
EndProject
Project("{FAE04EC0-301F-11D3-BF4B-00C04F79EFBC}") = "Eisod.Shared", "domains\Eisod\Eisod.Shared\Eisod.Shared.csproj", "{F9BCB0E4-953A-476A-8E4E-F55A9315944C}"
EndProject
Project("{FAE04EC0-301F-11D3-BF4B-00C04F79EFBC}") = "Eisod.Services", "domains\Eisod\Eisod.Services\Eisod.Services.csproj", "{312ED51E-4E7A-4556-B9C2-A39786273C4B}"
EndProject
Project("{FAE04EC0-301F-11D3-BF4B-00C04F79EFBC}") = "Eisod.Pages", "domains\Eisod\Eisod.Pages\Eisod.Pages.csproj", "{6B596AD9-70FE-4389-A2EF-7E18FEFB481E}"
EndProject
Global
	GlobalSection(SolutionConfigurationPlatforms) = preSolution
		Debug|Any CPU = Debug|Any CPU
		Debug|x64 = Debug|x64
		Debug|x86 = Debug|x86
		Release|Any CPU = Release|Any CPU
		Release|x64 = Release|x64
		Release|x86 = Release|x86
	EndGlobalSection
	GlobalSection(ProjectConfigurationPlatforms) = postSolution
		{E96AB390-DF6D-4D1C-9785-899AD3BF01E7}.Debug|Any CPU.ActiveCfg = Debug|Any CPU
		{E96AB390-DF6D-4D1C-9785-899AD3BF01E7}.Debug|Any CPU.Build.0 = Debug|Any CPU
		{E96AB390-DF6D-4D1C-9785-899AD3BF01E7}.Debug|x64.ActiveCfg = Debug|Any CPU
		{E96AB390-DF6D-4D1C-9785-899AD3BF01E7}.Debug|x64.Build.0 = Debug|Any CPU
		{E96AB390-DF6D-4D1C-9785-899AD3BF01E7}.Debug|x86.ActiveCfg = Debug|Any CPU
		{E96AB390-DF6D-4D1C-9785-899AD3BF01E7}.Debug|x86.Build.0 = Debug|Any CPU
		{E96AB390-DF6D-4D1C-9785-899AD3BF01E7}.Release|Any CPU.ActiveCfg = Release|Any CPU
		{E96AB390-DF6D-4D1C-9785-899AD3BF01E7}.Release|Any CPU.Build.0 = Release|Any CPU
		{E96AB390-DF6D-4D1C-9785-899AD3BF01E7}.Release|x64.ActiveCfg = Release|Any CPU
		{E96AB390-DF6D-4D1C-9785-899AD3BF01E7}.Release|x64.Build.0 = Release|Any CPU
		{E96AB390-DF6D-4D1C-9785-899AD3BF01E7}.Release|x86.ActiveCfg = Release|Any CPU
		{E96AB390-DF6D-4D1C-9785-899AD3BF01E7}.Release|x86.Build.0 = Release|Any CPU
		{CF0F408F-CF24-41AE-A0F2-0FADE75C52C4}.Debug|Any CPU.ActiveCfg = Debug|Any CPU
		{CF0F408F-CF24-41AE-A0F2-0FADE75C52C4}.Debug|Any CPU.Build.0 = Debug|Any CPU
		{CF0F408F-CF24-41AE-A0F2-0FADE75C52C4}.Debug|x64.ActiveCfg = Debug|Any CPU
		{CF0F408F-CF24-41AE-A0F2-0FADE75C52C4}.Debug|x64.Build.0 = Debug|Any CPU
		{CF0F408F-CF24-41AE-A0F2-0FADE75C52C4}.Debug|x86.ActiveCfg = Debug|Any CPU
		{CF0F408F-CF24-41AE-A0F2-0FADE75C52C4}.Debug|x86.Build.0 = Debug|Any CPU
		{CF0F408F-CF24-41AE-A0F2-0FADE75C52C4}.Release|Any CPU.ActiveCfg = Release|Any CPU
		{CF0F408F-CF24-41AE-A0F2-0FADE75C52C4}.Release|Any CPU.Build.0 = Release|Any CPU
		{CF0F408F-CF24-41AE-A0F2-0FADE75C52C4}.Release|x64.ActiveCfg = Release|Any CPU
		{CF0F408F-CF24-41AE-A0F2-0FADE75C52C4}.Release|x64.Build.0 = Release|Any CPU
		{CF0F408F-CF24-41AE-A0F2-0FADE75C52C4}.Release|x86.ActiveCfg = Release|Any CPU
		{CF0F408F-CF24-41AE-A0F2-0FADE75C52C4}.Release|x86.Build.0 = Release|Any CPU
		{8AF5ECCB-00B6-4EB9-8F06-FF54CFC3AC26}.Debug|Any CPU.ActiveCfg = Debug|Any CPU
		{8AF5ECCB-00B6-4EB9-8F06-FF54CFC3AC26}.Debug|Any CPU.Build.0 = Debug|Any CPU
		{8AF5ECCB-00B6-4EB9-8F06-FF54CFC3AC26}.Debug|x64.ActiveCfg = Debug|Any CPU
		{8AF5ECCB-00B6-4EB9-8F06-FF54CFC3AC26}.Debug|x64.Build.0 = Debug|Any CPU
		{8AF5ECCB-00B6-4EB9-8F06-FF54CFC3AC26}.Debug|x86.ActiveCfg = Debug|Any CPU
		{8AF5ECCB-00B6-4EB9-8F06-FF54CFC3AC26}.Debug|x86.Build.0 = Debug|Any CPU
		{8AF5ECCB-00B6-4EB9-8F06-FF54CFC3AC26}.Release|Any CPU.ActiveCfg = Release|Any CPU
		{8AF5ECCB-00B6-4EB9-8F06-FF54CFC3AC26}.Release|Any CPU.Build.0 = Release|Any CPU
		{8AF5ECCB-00B6-4EB9-8F06-FF54CFC3AC26}.Release|x64.ActiveCfg = Release|Any CPU
		{8AF5ECCB-00B6-4EB9-8F06-FF54CFC3AC26}.Release|x64.Build.0 = Release|Any CPU
		{8AF5ECCB-00B6-4EB9-8F06-FF54CFC3AC26}.Release|x86.ActiveCfg = Release|Any CPU
		{8AF5ECCB-00B6-4EB9-8F06-FF54CFC3AC26}.Release|x86.Build.0 = Release|Any CPU
		{405BED65-192D-4A7A-9618-FDC39EAB3E06}.Debug|Any CPU.ActiveCfg = Debug|Any CPU
		{405BED65-192D-4A7A-9618-FDC39EAB3E06}.Debug|Any CPU.Build.0 = Debug|Any CPU
		{405BED65-192D-4A7A-9618-FDC39EAB3E06}.Debug|x64.ActiveCfg = Debug|Any CPU
		{405BED65-192D-4A7A-9618-FDC39EAB3E06}.Debug|x64.Build.0 = Debug|Any CPU
		{405BED65-192D-4A7A-9618-FDC39EAB3E06}.Debug|x86.ActiveCfg = Debug|Any CPU
		{405BED65-192D-4A7A-9618-FDC39EAB3E06}.Debug|x86.Build.0 = Debug|Any CPU
		{405BED65-192D-4A7A-9618-FDC39EAB3E06}.Release|Any CPU.ActiveCfg = Release|Any CPU
		{405BED65-192D-4A7A-9618-FDC39EAB3E06}.Release|Any CPU.Build.0 = Release|Any CPU
		{405BED65-192D-4A7A-9618-FDC39EAB3E06}.Release|x64.ActiveCfg = Release|Any CPU
		{405BED65-192D-4A7A-9618-FDC39EAB3E06}.Release|x64.Build.0 = Release|Any CPU
		{405BED65-192D-4A7A-9618-FDC39EAB3E06}.Release|x86.ActiveCfg = Release|Any CPU
		{405BED65-192D-4A7A-9618-FDC39EAB3E06}.Release|x86.Build.0 = Release|Any CPU
		{1B85E0B0-C8E2-428D-AE17-C55A2E388135}.Debug|Any CPU.ActiveCfg = Debug|Any CPU
		{1B85E0B0-C8E2-428D-AE17-C55A2E388135}.Debug|Any CPU.Build.0 = Debug|Any CPU
		{1B85E0B0-C8E2-428D-AE17-C55A2E388135}.Debug|x64.ActiveCfg = Debug|Any CPU
		{1B85E0B0-C8E2-428D-AE17-C55A2E388135}.Debug|x64.Build.0 = Debug|Any CPU
		{1B85E0B0-C8E2-428D-AE17-C55A2E388135}.Debug|x86.ActiveCfg = Debug|Any CPU
		{1B85E0B0-C8E2-428D-AE17-C55A2E388135}.Debug|x86.Build.0 = Debug|Any CPU
		{1B85E0B0-C8E2-428D-AE17-C55A2E388135}.Release|Any CPU.ActiveCfg = Release|Any CPU
		{1B85E0B0-C8E2-428D-AE17-C55A2E388135}.Release|Any CPU.Build.0 = Release|Any CPU
		{1B85E0B0-C8E2-428D-AE17-C55A2E388135}.Release|x64.ActiveCfg = Release|Any CPU
		{1B85E0B0-C8E2-428D-AE17-C55A2E388135}.Release|x64.Build.0 = Release|Any CPU
		{1B85E0B0-C8E2-428D-AE17-C55A2E388135}.Release|x86.ActiveCfg = Release|Any CPU
		{1B85E0B0-C8E2-428D-AE17-C55A2E388135}.Release|x86.Build.0 = Release|Any CPU
		{D4FF988D-7061-4FF5-B2B5-686C05068843}.Debug|Any CPU.ActiveCfg = Debug|Any CPU
		{D4FF988D-7061-4FF5-B2B5-686C05068843}.Debug|Any CPU.Build.0 = Debug|Any CPU
		{D4FF988D-7061-4FF5-B2B5-686C05068843}.Debug|x64.ActiveCfg = Debug|Any CPU
		{D4FF988D-7061-4FF5-B2B5-686C05068843}.Debug|x64.Build.0 = Debug|Any CPU
		{D4FF988D-7061-4FF5-B2B5-686C05068843}.Debug|x86.ActiveCfg = Debug|Any CPU
		{D4FF988D-7061-4FF5-B2B5-686C05068843}.Debug|x86.Build.0 = Debug|Any CPU
		{D4FF988D-7061-4FF5-B2B5-686C05068843}.Release|Any CPU.ActiveCfg = Release|Any CPU
		{D4FF988D-7061-4FF5-B2B5-686C05068843}.Release|Any CPU.Build.0 = Release|Any CPU
		{D4FF988D-7061-4FF5-B2B5-686C05068843}.Release|x64.ActiveCfg = Release|Any CPU
		{D4FF988D-7061-4FF5-B2B5-686C05068843}.Release|x64.Build.0 = Release|Any CPU
		{D4FF988D-7061-4FF5-B2B5-686C05068843}.Release|x86.ActiveCfg = Release|Any CPU
		{D4FF988D-7061-4FF5-B2B5-686C05068843}.Release|x86.Build.0 = Release|Any CPU
		{3343E56C-EB19-4018-97B9-E1CB3D7319AF}.Debug|Any CPU.ActiveCfg = Debug|Any CPU
		{3343E56C-EB19-4018-97B9-E1CB3D7319AF}.Debug|Any CPU.Build.0 = Debug|Any CPU
		{3343E56C-EB19-4018-97B9-E1CB3D7319AF}.Debug|x64.ActiveCfg = Debug|Any CPU
		{3343E56C-EB19-4018-97B9-E1CB3D7319AF}.Debug|x64.Build.0 = Debug|Any CPU
		{3343E56C-EB19-4018-97B9-E1CB3D7319AF}.Debug|x86.ActiveCfg = Debug|Any CPU
		{3343E56C-EB19-4018-97B9-E1CB3D7319AF}.Debug|x86.Build.0 = Debug|Any CPU
		{3343E56C-EB19-4018-97B9-E1CB3D7319AF}.Release|Any CPU.ActiveCfg = Release|Any CPU
		{3343E56C-EB19-4018-97B9-E1CB3D7319AF}.Release|Any CPU.Build.0 = Release|Any CPU
		{3343E56C-EB19-4018-97B9-E1CB3D7319AF}.Release|x64.ActiveCfg = Release|Any CPU
		{3343E56C-EB19-4018-97B9-E1CB3D7319AF}.Release|x64.Build.0 = Release|Any CPU
		{3343E56C-EB19-4018-97B9-E1CB3D7319AF}.Release|x86.ActiveCfg = Release|Any CPU
		{3343E56C-EB19-4018-97B9-E1CB3D7319AF}.Release|x86.Build.0 = Release|Any CPU
		{F9BCB0E4-953A-476A-8E4E-F55A9315944C}.Debug|Any CPU.ActiveCfg = Debug|Any CPU
		{F9BCB0E4-953A-476A-8E4E-F55A9315944C}.Debug|Any CPU.Build.0 = Debug|Any CPU
		{F9BCB0E4-953A-476A-8E4E-F55A9315944C}.Debug|x64.ActiveCfg = Debug|Any CPU
		{F9BCB0E4-953A-476A-8E4E-F55A9315944C}.Debug|x64.Build.0 = Debug|Any CPU
		{F9BCB0E4-953A-476A-8E4E-F55A9315944C}.Debug|x86.ActiveCfg = Debug|Any CPU
		{F9BCB0E4-953A-476A-8E4E-F55A9315944C}.Debug|x86.Build.0 = Debug|Any CPU
		{F9BCB0E4-953A-476A-8E4E-F55A9315944C}.Release|Any CPU.ActiveCfg = Release|Any CPU
		{F9BCB0E4-953A-476A-8E4E-F55A9315944C}.Release|Any CPU.Build.0 = Release|Any CPU
		{F9BCB0E4-953A-476A-8E4E-F55A9315944C}.Release|x64.ActiveCfg = Release|Any CPU
		{F9BCB0E4-953A-476A-8E4E-F55A9315944C}.Release|x64.Build.0 = Release|Any CPU
		{F9BCB0E4-953A-476A-8E4E-F55A9315944C}.Release|x86.ActiveCfg = Release|Any CPU
		{F9BCB0E4-953A-476A-8E4E-F55A9315944C}.Release|x86.Build.0 = Release|Any CPU
		{312ED51E-4E7A-4556-B9C2-A39786273C4B}.Debug|Any CPU.ActiveCfg = Debug|Any CPU
		{312ED51E-4E7A-4556-B9C2-A39786273C4B}.Debug|Any CPU.Build.0 = Debug|Any CPU
		{312ED51E-4E7A-4556-B9C2-A39786273C4B}.Debug|x64.ActiveCfg = Debug|Any CPU
		{312ED51E-4E7A-4556-B9C2-A39786273C4B}.Debug|x64.Build.0 = Debug|Any CPU
		{312ED51E-4E7A-4556-B9C2-A39786273C4B}.Debug|x86.ActiveCfg = Debug|Any CPU
		{312ED51E-4E7A-4556-B9C2-A39786273C4B}.Debug|x86.Build.0 = Debug|Any CPU
		{312ED51E-4E7A-4556-B9C2-A39786273C4B}.Release|Any CPU.ActiveCfg = Release|Any CPU
		{312ED51E-4E7A-4556-B9C2-A39786273C4B}.Release|Any CPU.Build.0 = Release|Any CPU
		{312ED51E-4E7A-4556-B9C2-A39786273C4B}.Release|x64.ActiveCfg = Release|Any CPU
		{312ED51E-4E7A-4556-B9C2-A39786273C4B}.Release|x64.Build.0 = Release|Any CPU
		{312ED51E-4E7A-4556-B9C2-A39786273C4B}.Release|x86.ActiveCfg = Release|Any CPU
		{312ED51E-4E7A-4556-B9C2-A39786273C4B}.Release|x86.Build.0 = Release|Any CPU
		{6B596AD9-70FE-4389-A2EF-7E18FEFB481E}.Debug|Any CPU.ActiveCfg = Debug|Any CPU
		{6B596AD9-70FE-4389-A2EF-7E18FEFB481E}.Debug|Any CPU.Build.0 = Debug|Any CPU
		{6B596AD9-70FE-4389-A2EF-7E18FEFB481E}.Debug|x64.ActiveCfg = Debug|Any CPU
		{6B596AD9-70FE-4389-A2EF-7E18FEFB481E}.Debug|x64.Build.0 = Debug|Any CPU
		{6B596AD9-70FE-4389-A2EF-7E18FEFB481E}.Debug|x86.ActiveCfg = Debug|Any CPU
		{6B596AD9-70FE-4389-A2EF-7E18FEFB481E}.Debug|x86.Build.0 = Debug|Any CPU
		{6B596AD9-70FE-4389-A2EF-7E18FEFB481E}.Release|Any CPU.ActiveCfg = Release|Any CPU
		{6B596AD9-70FE-4389-A2EF-7E18FEFB481E}.Release|Any CPU.Build.0 = Release|Any CPU
		{6B596AD9-70FE-4389-A2EF-7E18FEFB481E}.Release|x64.ActiveCfg = Release|Any CPU
		{6B596AD9-70FE-4389-A2EF-7E18FEFB481E}.Release|x64.Build.0 = Release|Any CPU
		{6B596AD9-70FE-4389-A2EF-7E18FEFB481E}.Release|x86.ActiveCfg = Release|Any CPU
		{6B596AD9-70FE-4389-A2EF-7E18FEFB481E}.Release|x86.Build.0 = Release|Any CPU
	EndGlobalSection
	GlobalSection(SolutionProperties) = preSolution
		HideSolutionNode = FALSE
	EndGlobalSection
	GlobalSection(NestedProjects) = preSolution
		{E96AB390-DF6D-4D1C-9785-899AD3BF01E7} = {827E0CD3-B72D-47B6-A68D-7590B98EB39B}
		{CF0F408F-CF24-41AE-A0F2-0FADE75C52C4} = {827E0CD3-B72D-47B6-A68D-7590B98EB39B}
		{8AF5ECCB-00B6-4EB9-8F06-FF54CFC3AC26} = {827E0CD3-B72D-47B6-A68D-7590B98EB39B}
		{B0DAD82D-3509-4C5A-5A3D-BE2F7B7372DC} = {21686E52-9F17-B8E3-4583-1A80C33D8DD6}
		{405BED65-192D-4A7A-9618-FDC39EAB3E06} = {B0DAD82D-3509-4C5A-5A3D-BE2F7B7372DC}
		{1B85E0B0-C8E2-428D-AE17-C55A2E388135} = {B0DAD82D-3509-4C5A-5A3D-BE2F7B7372DC}
		{D4FF988D-7061-4FF5-B2B5-686C05068843} = {B0DAD82D-3509-4C5A-5A3D-BE2F7B7372DC}
		{3343E56C-EB19-4018-97B9-E1CB3D7319AF} = {B0DAD82D-3509-4C5A-5A3D-BE2F7B7372DC}
		{5EB848FD-A5B9-C493-0FF6-0A88CDD1779F} = {21686E52-9F17-B8E3-4583-1A80C33D8DD6}
		{F9BCB0E4-953A-476A-8E4E-F55A9315944C} = {5EB848FD-A5B9-C493-0FF6-0A88CDD1779F}
		{312ED51E-4E7A-4556-B9C2-A39786273C4B} = {5EB848FD-A5B9-C493-0FF6-0A88CDD1779F}
		{6B596AD9-70FE-4389-A2EF-7E18FEFB481E} = {5EB848FD-A5B9-C493-0FF6-0A88CDD1779F}
	EndGlobalSection
EndGlobal
